# This file is automatically @generated by Cargo.
# It is not intended for manual editing.
version = 4

[[package]]
name = "gbbrain-cli"
version = "0.1.0"
dependencies = [
 "gbbrain-core",
 "gbbrain-gb",
]

[[package]]
name = "gbbrain-core"
version = "0.1.0"

[[package]]
name = "gbbrain-gb"
version = "0.1.0"
dependencies = [
 "gbbrain-core",
]
